
Microsoft Visual Studio Solution File, Format Version 12.00
# Visual Studio Version 16
VisualStudioVersion = 16.0.31624.102
MinimumVisualStudioVersion = 10.0.40219.1
Project("{FAE04EC0-301F-11D3-BF4B-00C04F79EFBC}") = "WebApplication7", "WebApplication7.csproj", "{AEFD6FCB-951B-4667-AE96-08504F545B95}"
EndProject
Global
	GlobalSection(SolutionConfigurationPlatforms) = preSolution
		Debug|Any CPU = Debug|Any CPU
		Release|Any CPU = Release|Any CPU
	EndGlobalSection
	GlobalSection(ProjectConfigurationPlatforms) = postSolution
		{AEFD6FCB-951B-4667-AE96-08504F545B95}.Debug|Any CPU.ActiveCfg = Debug|Any CPU
		{AEFD6FCB-951B-4667-AE96-08504F545B95}.Debug|Any CPU.Build.0 = Debug|Any CPU
		{AEFD6FCB-951B-4667-AE96-08504F545B95}.Release|Any CPU.ActiveCfg = Release|Any CPU
		{AEFD6FCB-951B-4667-AE96-08504F545B95}.Release|Any CPU.Build.0 = Release|Any CPU
	EndGlobalSection
	GlobalSection(SolutionProperties) = preSolution
		HideSolutionNode = FALSE
	EndGlobalSection
	GlobalSection(ExtensibilityGlobals) = postSolution
		SolutionGuid = {E9A1517D-3A37-45BA-AB5A-8F94230E10EB}
	EndGlobalSection
EndGlobal
